
Microsoft Visual Studio Solution File, Format Version 12.00
# Visual Studio 15
VisualStudioVersion = 15.0.27130.2010
MinimumVisualStudioVersion = 10.0.40219.1
Project("{9A19103F-16F7-4668-BE54-9A1E7A4F7556}") = "Collaboration.Api", "Collaboration.Api\Collaboration.Api.csproj", "{2EC19049-1D7F-4D50-AF14-EC3795122C1F}"
EndProject
Project("{9A19103F-16F7-4668-BE54-9A1E7A4F7556}") = "Collaboration.Messaging", "Collaboration.Messaging\Collaboration.Messaging.csproj", "{04ECF6DD-E9AD-4445-B8B2-5F92D33E9577}"
EndProject
Project("{9A19103F-16F7-4668-BE54-9A1E7A4F7556}") = "Collaboration.Core", "Collaboration.Core\Collaboration.Core.csproj", "{9A404B48-95EE-4E8E-BCA8-E16D5AFB8092}"
EndProject
Project("{FAE04EC0-301F-11D3-BF4B-00C04F79EFBC}") = "Collaboration.Data", "Collaboration.Data\Collaboration.Data.csproj", "{0D61AE96-2DB0-4E0A-B554-FC4968E3B977}"
EndProject
Global
	GlobalSection(SolutionConfigurationPlatforms) = preSolution
		Debug|Any CPU = Debug|Any CPU
		Release|Any CPU = Release|Any CPU
	EndGlobalSection
	GlobalSection(ProjectConfigurationPlatforms) = postSolution
		{2EC19049-1D7F-4D50-AF14-EC3795122C1F}.Debug|Any CPU.ActiveCfg = Debug|Any CPU
		{2EC19049-1D7F-4D50-AF14-EC3795122C1F}.Debug|Any CPU.Build.0 = Debug|Any CPU
		{2EC19049-1D7F-4D50-AF14-EC3795122C1F}.Release|Any CPU.ActiveCfg = Release|Any CPU
		{2EC19049-1D7F-4D50-AF14-EC3795122C1F}.Release|Any CPU.Build.0 = Release|Any CPU
		{04ECF6DD-E9AD-4445-B8B2-5F92D33E9577}.Debug|Any CPU.ActiveCfg = Debug|Any CPU
		{04ECF6DD-E9AD-4445-B8B2-5F92D33E9577}.Debug|Any CPU.Build.0 = Debug|Any CPU
		{04ECF6DD-E9AD-4445-B8B2-5F92D33E9577}.Release|Any CPU.ActiveCfg = Release|Any CPU
		{04ECF6DD-E9AD-4445-B8B2-5F92D33E9577}.Release|Any CPU.Build.0 = Release|Any CPU
		{9A404B48-95EE-4E8E-BCA8-E16D5AFB8092}.Debug|Any CPU.ActiveCfg = Debug|Any CPU
		{9A404B48-95EE-4E8E-BCA8-E16D5AFB8092}.Debug|Any CPU.Build.0 = Debug|Any CPU
		{9A404B48-95EE-4E8E-BCA8-E16D5AFB8092}.Release|Any CPU.ActiveCfg = Release|Any CPU
		{9A404B48-95EE-4E8E-BCA8-E16D5AFB8092}.Release|Any CPU.Build.0 = Release|Any CPU
		{0D61AE96-2DB0-4E0A-B554-FC4968E3B977}.Debug|Any CPU.ActiveCfg = Debug|Any CPU
		{0D61AE96-2DB0-4E0A-B554-FC4968E3B977}.Debug|Any CPU.Build.0 = Debug|Any CPU
		{0D61AE96-2DB0-4E0A-B554-FC4968E3B977}.Release|Any CPU.ActiveCfg = Release|Any CPU
		{0D61AE96-2DB0-4E0A-B554-FC4968E3B977}.Release|Any CPU.Build.0 = Release|Any CPU
	EndGlobalSection
	GlobalSection(SolutionProperties) = preSolution
		HideSolutionNode = FALSE
	EndGlobalSection
	GlobalSection(ExtensibilityGlobals) = postSolution
		SolutionGuid = {C5AC92BD-FE53-4E3D-AB2A-329557F7037C}
	EndGlobalSection
EndGlobal
