
Microsoft Visual Studio Solution File, Format Version 12.00
# Visual Studio 15
VisualStudioVersion = 15.0.27130.2024
MinimumVisualStudioVersion = 10.0.40219.1
Project("{9A19103F-16F7-4668-BE54-9A1E7A4F7556}") = "Collaboration.Api", "Collaboration.Api\Collaboration.Api.csproj", "{2EC19049-1D7F-4D50-AF14-EC3795122C1F}"
EndProject
Project("{9A19103F-16F7-4668-BE54-9A1E7A4F7556}") = "Collaboration.Messaging", "Collaboration.Messaging\Collaboration.Messaging.csproj", "{04ECF6DD-E9AD-4445-B8B2-5F92D33E9577}"
EndProject
Project("{9A19103F-16F7-4668-BE54-9A1E7A4F7556}") = "Collaboration.Core", "Collaboration.Core\Collaboration.Core.csproj", "{9A404B48-95EE-4E8E-BCA8-E16D5AFB8092}"
EndProject
Project("{9A19103F-16F7-4668-BE54-9A1E7A4F7556}") = "Collaboration.Data", "Collaboration.Data\Collaboration.Data.csproj", "{46030915-F517-4669-999A-16B1B1818993}"
EndProject
Project("{2150E333-8FDC-42A3-9474-1A3956D46DE8}") = "HealthChecks", "HealthChecks", "{193BA081-F74B-4949-8336-05F428A44C09}"
EndProject
Project("{9A19103F-16F7-4668-BE54-9A1E7A4F7556}") = "Microsoft.AspNetCore.HealthChecks", "HealthChecks\src\Microsoft.AspNetCore.HealthChecks\Microsoft.AspNetCore.HealthChecks.csproj", "{5B5CDCEC-5836-471A-BAD5-231DD6C52CCA}"
EndProject
Project("{9A19103F-16F7-4668-BE54-9A1E7A4F7556}") = "Microsoft.Extensions.HealthChecks", "HealthChecks\src\Microsoft.Extensions.HealthChecks\Microsoft.Extensions.HealthChecks.csproj", "{F0447F09-163A-4435-BFFC-FCF22D2A33A1}"
EndProject
Project("{9A19103F-16F7-4668-BE54-9A1E7A4F7556}") = "Microsoft.Extensions.HealthChecks.SqlServer", "HealthChecks\src\Microsoft.Extensions.HealthChecks.SqlServer\Microsoft.Extensions.HealthChecks.SqlServer.csproj", "{C0457E57-67A2-4F6E-BD21-4D2CCE82AC5D}"
EndProject
Project("{2150E333-8FDC-42A3-9474-1A3956D46DE8}") = "WebHost", "WebHost", "{412516CD-506E-4C16-BED3-63F4740BE6EC}"
EndProject
Project("{9A19103F-16F7-4668-BE54-9A1E7A4F7556}") = "WebHost.Customization", "WebHostCustomizations\WebHost.Customization\WebHost.Customization.csproj", "{6B38C4EA-C7DE-466E-B0A2-C1105E7DC203}"
EndProject
Global
	GlobalSection(SolutionConfigurationPlatforms) = preSolution
		Debug|Any CPU = Debug|Any CPU
		Release|Any CPU = Release|Any CPU
	EndGlobalSection
	GlobalSection(ProjectConfigurationPlatforms) = postSolution
		{2EC19049-1D7F-4D50-AF14-EC3795122C1F}.Debug|Any CPU.ActiveCfg = Debug|Any CPU
		{2EC19049-1D7F-4D50-AF14-EC3795122C1F}.Debug|Any CPU.Build.0 = Debug|Any CPU
		{2EC19049-1D7F-4D50-AF14-EC3795122C1F}.Release|Any CPU.ActiveCfg = Release|Any CPU
		{2EC19049-1D7F-4D50-AF14-EC3795122C1F}.Release|Any CPU.Build.0 = Release|Any CPU
		{04ECF6DD-E9AD-4445-B8B2-5F92D33E9577}.Debug|Any CPU.ActiveCfg = Debug|Any CPU
		{04ECF6DD-E9AD-4445-B8B2-5F92D33E9577}.Debug|Any CPU.Build.0 = Debug|Any CPU
		{04ECF6DD-E9AD-4445-B8B2-5F92D33E9577}.Release|Any CPU.ActiveCfg = Release|Any CPU
		{04ECF6DD-E9AD-4445-B8B2-5F92D33E9577}.Release|Any CPU.Build.0 = Release|Any CPU
		{9A404B48-95EE-4E8E-BCA8-E16D5AFB8092}.Debug|Any CPU.ActiveCfg = Debug|Any CPU
		{9A404B48-95EE-4E8E-BCA8-E16D5AFB8092}.Debug|Any CPU.Build.0 = Debug|Any CPU
		{9A404B48-95EE-4E8E-BCA8-E16D5AFB8092}.Release|Any CPU.ActiveCfg = Release|Any CPU
		{9A404B48-95EE-4E8E-BCA8-E16D5AFB8092}.Release|Any CPU.Build.0 = Release|Any CPU
		{46030915-F517-4669-999A-16B1B1818993}.Debug|Any CPU.ActiveCfg = Debug|Any CPU
		{46030915-F517-4669-999A-16B1B1818993}.Debug|Any CPU.Build.0 = Debug|Any CPU
		{46030915-F517-4669-999A-16B1B1818993}.Release|Any CPU.ActiveCfg = Release|Any CPU
		{46030915-F517-4669-999A-16B1B1818993}.Release|Any CPU.Build.0 = Release|Any CPU
		{5B5CDCEC-5836-471A-BAD5-231DD6C52CCA}.Debug|Any CPU.ActiveCfg = Debug|Any CPU
		{5B5CDCEC-5836-471A-BAD5-231DD6C52CCA}.Debug|Any CPU.Build.0 = Debug|Any CPU
		{5B5CDCEC-5836-471A-BAD5-231DD6C52CCA}.Release|Any CPU.ActiveCfg = Release|Any CPU
		{5B5CDCEC-5836-471A-BAD5-231DD6C52CCA}.Release|Any CPU.Build.0 = Release|Any CPU
		{F0447F09-163A-4435-BFFC-FCF22D2A33A1}.Debug|Any CPU.ActiveCfg = Debug|Any CPU
		{F0447F09-163A-4435-BFFC-FCF22D2A33A1}.Debug|Any CPU.Build.0 = Debug|Any CPU
		{F0447F09-163A-4435-BFFC-FCF22D2A33A1}.Release|Any CPU.ActiveCfg = Release|Any CPU
		{F0447F09-163A-4435-BFFC-FCF22D2A33A1}.Release|Any CPU.Build.0 = Release|Any CPU
		{C0457E57-67A2-4F6E-BD21-4D2CCE82AC5D}.Debug|Any CPU.ActiveCfg = Debug|Any CPU
		{C0457E57-67A2-4F6E-BD21-4D2CCE82AC5D}.Debug|Any CPU.Build.0 = Debug|Any CPU
		{C0457E57-67A2-4F6E-BD21-4D2CCE82AC5D}.Release|Any CPU.ActiveCfg = Release|Any CPU
		{C0457E57-67A2-4F6E-BD21-4D2CCE82AC5D}.Release|Any CPU.Build.0 = Release|Any CPU
		{6B38C4EA-C7DE-466E-B0A2-C1105E7DC203}.Debug|Any CPU.ActiveCfg = Debug|Any CPU
		{6B38C4EA-C7DE-466E-B0A2-C1105E7DC203}.Debug|Any CPU.Build.0 = Debug|Any CPU
		{6B38C4EA-C7DE-466E-B0A2-C1105E7DC203}.Release|Any CPU.ActiveCfg = Release|Any CPU
		{6B38C4EA-C7DE-466E-B0A2-C1105E7DC203}.Release|Any CPU.Build.0 = Release|Any CPU
	EndGlobalSection
	GlobalSection(SolutionProperties) = preSolution
		HideSolutionNode = FALSE
	EndGlobalSection
	GlobalSection(NestedProjects) = preSolution
		{5B5CDCEC-5836-471A-BAD5-231DD6C52CCA} = {193BA081-F74B-4949-8336-05F428A44C09}
		{F0447F09-163A-4435-BFFC-FCF22D2A33A1} = {193BA081-F74B-4949-8336-05F428A44C09}
		{C0457E57-67A2-4F6E-BD21-4D2CCE82AC5D} = {193BA081-F74B-4949-8336-05F428A44C09}
		{6B38C4EA-C7DE-466E-B0A2-C1105E7DC203} = {412516CD-506E-4C16-BED3-63F4740BE6EC}
	EndGlobalSection
	GlobalSection(ExtensibilityGlobals) = postSolution
		SolutionGuid = {C5AC92BD-FE53-4E3D-AB2A-329557F7037C}
	EndGlobalSection
EndGlobal
